
Microsoft Visual Studio Solution File, Format Version 12.00
# Visual Studio Version 16
VisualStudioVersion = 16.0.29709.97
MinimumVisualStudioVersion = 10.0.40219.1
Project("{9A19103F-16F7-4668-BE54-9A1E7A4F7556}") = "Burak.Authorization", "Burak.Authorization.csproj", "{6106440C-BD03-4D2A-AD6D-392A4FC2238F}"
EndProject
Global
	GlobalSection(SolutionConfigurationPlatforms) = preSolution
		Debug|Any CPU = Debug|Any CPU
		Release|Any CPU = Release|Any CPU
	EndGlobalSection
	GlobalSection(ProjectConfigurationPlatforms) = postSolution
		{6106440C-BD03-4D2A-AD6D-392A4FC2238F}.Debug|Any CPU.ActiveCfg = Debug|Any CPU
		{6106440C-BD03-4D2A-AD6D-392A4FC2238F}.Debug|Any CPU.Build.0 = Debug|Any CPU
		{6106440C-BD03-4D2A-AD6D-392A4FC2238F}.Release|Any CPU.ActiveCfg = Release|Any CPU
		{6106440C-BD03-4D2A-AD6D-392A4FC2238F}.Release|Any CPU.Build.0 = Release|Any CPU
	EndGlobalSection
	GlobalSection(SolutionProperties) = preSolution
		HideSolutionNode = FALSE
	EndGlobalSection
	GlobalSection(ExtensibilityGlobals) = postSolution
		SolutionGuid = {0C058149-4B60-463B-B1AB-6BF2DF40D2F4}
	EndGlobalSection
EndGlobal
